
Microsoft Visual Studio Solution File, Format Version 12.00
# Visual Studio Version 17
VisualStudioVersion = 17.5.002.0
MinimumVisualStudioVersion = 10.0.40219.1
Project("{9A19103F-16F7-4668-BE54-9A1E7A4F7556}") = "Exo.WebApi", "Exo.WebApi.csproj", "{BE01C359-A886-4127-A1BF-6CB3D9C9EE1A}"
EndProject
Global
	GlobalSection(SolutionConfigurationPlatforms) = preSolution
		Debug|Any CPU = Debug|Any CPU
		Release|Any CPU = Release|Any CPU
	EndGlobalSection
	GlobalSection(ProjectConfigurationPlatforms) = postSolution
		{BE01C359-A886-4127-A1BF-6CB3D9C9EE1A}.Debug|Any CPU.ActiveCfg = Debug|Any CPU
		{BE01C359-A886-4127-A1BF-6CB3D9C9EE1A}.Debug|Any CPU.Build.0 = Debug|Any CPU
		{BE01C359-A886-4127-A1BF-6CB3D9C9EE1A}.Release|Any CPU.ActiveCfg = Release|Any CPU
		{BE01C359-A886-4127-A1BF-6CB3D9C9EE1A}.Release|Any CPU.Build.0 = Release|Any CPU
	EndGlobalSection
	GlobalSection(SolutionProperties) = preSolution
		HideSolutionNode = FALSE
	EndGlobalSection
	GlobalSection(ExtensibilityGlobals) = postSolution
		SolutionGuid = {19DFC957-16D1-4EFB-B8A1-2932FCD4A50D}
	EndGlobalSection
EndGlobal
